
Microsoft Visual Studio Solution File, Format Version 12.00
# Visual Studio Version 17
VisualStudioVersion = 17.0.31903.59
MinimumVisualStudioVersion = 10.0.40219.1
Project("{2150E333-8FDC-42A3-9474-1A3956D46DE8}") = "src", "src", "{827E0CD3-B72D-47B6-A68D-7590B98EB39B}"
EndProject
Project("{2150E333-8FDC-42A3-9474-1A3956D46DE8}") = "Shared", "Shared", "{C8E42992-5E42-0C2B-DBFE-AA848D06431C}"
EndProject
Project("{FAE04EC0-301F-11D3-BF4B-00C04F79EFBC}") = "LiveLearn.BuildingBlocks", "src\Shared\LiveLearn.BuildingBlocks\LiveLearn.BuildingBlocks.csproj", "{1DBAEF18-E1A6-4E3A-B8D4-80A692AF0372}"
EndProject
Project("{FAE04EC0-301F-11D3-BF4B-00C04F79EFBC}") = "LiveLearn.Contracts", "src\Shared\LiveLearn.Contracts\LiveLearn.Contracts.csproj", "{4A57BD69-C581-48A0-9AF7-C1571BF2C287}"
EndProject
Project("{2150E333-8FDC-42A3-9474-1A3956D46DE8}") = "Gateway", "Gateway", "{6306A8FB-679E-111F-6585-8F70E0EE6013}"
EndProject
Project("{FAE04EC0-301F-11D3-BF4B-00C04F79EFBC}") = "LiveLearn.Gateway", "src\Gateway\LiveLearn.Gateway\LiveLearn.Gateway.csproj", "{A2884FAB-715D-40FD-8FE9-55F04D2631A5}"
EndProject
Project("{2150E333-8FDC-42A3-9474-1A3956D46DE8}") = "services", "services", "{984BB9B3-3FA3-BE33-9484-CAC21695A33C}"
EndProject
Project("{2150E333-8FDC-42A3-9474-1A3956D46DE8}") = "Identity", "Identity", "{1BFC9479-12BF-35C3-06B8-42D89D95092B}"
EndProject
Project("{FAE04EC0-301F-11D3-BF4B-00C04F79EFBC}") = "LiveLearn.Identity.API", "src\services\Identity\LiveLearn.Identity.API\LiveLearn.Identity.API.csproj", "{C964F198-3CB1-446D-AA5D-0BEB7DE5431F}"
EndProject
Project("{FAE04EC0-301F-11D3-BF4B-00C04F79EFBC}") = "LiveLearn.Identity.Application", "src\services\Identity\LiveLearn.Identity.Application\LiveLearn.Identity.Application.csproj", "{68715CD5-29E3-4669-933A-40EF19862719}"
EndProject
Project("{FAE04EC0-301F-11D3-BF4B-00C04F79EFBC}") = "LiveLearn.Identity.Domain", "src\services\Identity\LiveLearn.Identity.Domain\LiveLearn.Identity.Domain.csproj", "{9D9175FA-55D6-4A16-8EDD-1A1A3961C41C}"
EndProject
Project("{FAE04EC0-301F-11D3-BF4B-00C04F79EFBC}") = "LiveLearn.Identity.Infrastructure", "src\services\Identity\LiveLearn.Identity.Infrastructure\LiveLearn.Identity.Infrastructure.csproj", "{CD79D4E6-0B37-446D-9683-75C6729BF673}"
EndProject
Project("{2150E333-8FDC-42A3-9474-1A3956D46DE8}") = "Catalog", "Catalog", "{C91C1CF1-1625-0789-F869-53D87D6277BA}"
EndProject
Project("{FAE04EC0-301F-11D3-BF4B-00C04F79EFBC}") = "LiveLearn.Catalog.Domain", "src\services\Catalog\LiveLearn.Catalog.Domain\LiveLearn.Catalog.Domain.csproj", "{AF7FEECD-D465-43C3-A1CE-691D917AC9E5}"
EndProject
Project("{FAE04EC0-301F-11D3-BF4B-00C04F79EFBC}") = "LiveLearn.Catalog.Application", "src\services\Catalog\LiveLearn.Catalog.Application\LiveLearn.Catalog.Application.csproj", "{CE81CC25-F88A-412D-BC39-24CB92EFA765}"
EndProject
Project("{FAE04EC0-301F-11D3-BF4B-00C04F79EFBC}") = "LiveLearn.Catalog.Infrastructure", "src\services\Catalog\LiveLearn.Catalog.Infrastructure\LiveLearn.Catalog.Infrastructure.csproj", "{AB859DE1-CB86-4820-8E59-77AE7C8D2326}"
EndProject
Project("{FAE04EC0-301F-11D3-BF4B-00C04F79EFBC}") = "LiveLearn.Catalog.API", "src\services\Catalog\LiveLearn.Catalog.API\LiveLearn.Catalog.API.csproj", "{73843D19-C2CA-4D8E-865A-D9E0E7B6153A}"
EndProject
Global
	GlobalSection(SolutionConfigurationPlatforms) = preSolution
		Debug|Any CPU = Debug|Any CPU
		Debug|x64 = Debug|x64
		Debug|x86 = Debug|x86
		Release|Any CPU = Release|Any CPU
		Release|x64 = Release|x64
		Release|x86 = Release|x86
	EndGlobalSection
	GlobalSection(ProjectConfigurationPlatforms) = postSolution
		{1DBAEF18-E1A6-4E3A-B8D4-80A692AF0372}.Debug|Any CPU.ActiveCfg = Debug|Any CPU
		{1DBAEF18-E1A6-4E3A-B8D4-80A692AF0372}.Debug|Any CPU.Build.0 = Debug|Any CPU
		{1DBAEF18-E1A6-4E3A-B8D4-80A692AF0372}.Debug|x64.ActiveCfg = Debug|Any CPU
		{1DBAEF18-E1A6-4E3A-B8D4-80A692AF0372}.Debug|x64.Build.0 = Debug|Any CPU
		{1DBAEF18-E1A6-4E3A-B8D4-80A692AF0372}.Debug|x86.ActiveCfg = Debug|Any CPU
		{1DBAEF18-E1A6-4E3A-B8D4-80A692AF0372}.Debug|x86.Build.0 = Debug|Any CPU
		{1DBAEF18-E1A6-4E3A-B8D4-80A692AF0372}.Release|Any CPU.ActiveCfg = Release|Any CPU
		{1DBAEF18-E1A6-4E3A-B8D4-80A692AF0372}.Release|Any CPU.Build.0 = Release|Any CPU
		{1DBAEF18-E1A6-4E3A-B8D4-80A692AF0372}.Release|x64.ActiveCfg = Release|Any CPU
		{1DBAEF18-E1A6-4E3A-B8D4-80A692AF0372}.Release|x64.Build.0 = Release|Any CPU
		{1DBAEF18-E1A6-4E3A-B8D4-80A692AF0372}.Release|x86.ActiveCfg = Release|Any CPU
		{1DBAEF18-E1A6-4E3A-B8D4-80A692AF0372}.Release|x86.Build.0 = Release|Any CPU
		{4A57BD69-C581-48A0-9AF7-C1571BF2C287}.Debug|Any CPU.ActiveCfg = Debug|Any CPU
		{4A57BD69-C581-48A0-9AF7-C1571BF2C287}.Debug|Any CPU.Build.0 = Debug|Any CPU
		{4A57BD69-C581-48A0-9AF7-C1571BF2C287}.Debug|x64.ActiveCfg = Debug|Any CPU
		{4A57BD69-C581-48A0-9AF7-C1571BF2C287}.Debug|x64.Build.0 = Debug|Any CPU
		{4A57BD69-C581-48A0-9AF7-C1571BF2C287}.Debug|x86.ActiveCfg = Debug|Any CPU
		{4A57BD69-C581-48A0-9AF7-C1571BF2C287}.Debug|x86.Build.0 = Debug|Any CPU
		{4A57BD69-C581-48A0-9AF7-C1571BF2C287}.Release|Any CPU.ActiveCfg = Release|Any CPU
		{4A57BD69-C581-48A0-9AF7-C1571BF2C287}.Release|Any CPU.Build.0 = Release|Any CPU
		{4A57BD69-C581-48A0-9AF7-C1571BF2C287}.Release|x64.ActiveCfg = Release|Any CPU
		{4A57BD69-C581-48A0-9AF7-C1571BF2C287}.Release|x64.Build.0 = Release|Any CPU
		{4A57BD69-C581-48A0-9AF7-C1571BF2C287}.Release|x86.ActiveCfg = Release|Any CPU
		{4A57BD69-C581-48A0-9AF7-C1571BF2C287}.Release|x86.Build.0 = Release|Any CPU
		{A2884FAB-715D-40FD-8FE9-55F04D2631A5}.Debug|Any CPU.ActiveCfg = Debug|Any CPU
		{A2884FAB-715D-40FD-8FE9-55F04D2631A5}.Debug|Any CPU.Build.0 = Debug|Any CPU
		{A2884FAB-715D-40FD-8FE9-55F04D2631A5}.Debug|x64.ActiveCfg = Debug|Any CPU
		{A2884FAB-715D-40FD-8FE9-55F04D2631A5}.Debug|x64.Build.0 = Debug|Any CPU
		{A2884FAB-715D-40FD-8FE9-55F04D2631A5}.Debug|x86.ActiveCfg = Debug|Any CPU
		{A2884FAB-715D-40FD-8FE9-55F04D2631A5}.Debug|x86.Build.0 = Debug|Any CPU
		{A2884FAB-715D-40FD-8FE9-55F04D2631A5}.Release|Any CPU.ActiveCfg = Release|Any CPU
		{A2884FAB-715D-40FD-8FE9-55F04D2631A5}.Release|Any CPU.Build.0 = Release|Any CPU
		{A2884FAB-715D-40FD-8FE9-55F04D2631A5}.Release|x64.ActiveCfg = Release|Any CPU
		{A2884FAB-715D-40FD-8FE9-55F04D2631A5}.Release|x64.Build.0 = Release|Any CPU
		{A2884FAB-715D-40FD-8FE9-55F04D2631A5}.Release|x86.ActiveCfg = Release|Any CPU
		{A2884FAB-715D-40FD-8FE9-55F04D2631A5}.Release|x86.Build.0 = Release|Any CPU
		{C964F198-3CB1-446D-AA5D-0BEB7DE5431F}.Debug|Any CPU.ActiveCfg = Debug|Any CPU
		{C964F198-3CB1-446D-AA5D-0BEB7DE5431F}.Debug|Any CPU.Build.0 = Debug|Any CPU
		{C964F198-3CB1-446D-AA5D-0BEB7DE5431F}.Debug|x64.ActiveCfg = Debug|Any CPU
		{C964F198-3CB1-446D-AA5D-0BEB7DE5431F}.Debug|x64.Build.0 = Debug|Any CPU
		{C964F198-3CB1-446D-AA5D-0BEB7DE5431F}.Debug|x86.ActiveCfg = Debug|Any CPU
		{C964F198-3CB1-446D-AA5D-0BEB7DE5431F}.Debug|x86.Build.0 = Debug|Any CPU
		{C964F198-3CB1-446D-AA5D-0BEB7DE5431F}.Release|Any CPU.ActiveCfg = Release|Any CPU
		{C964F198-3CB1-446D-AA5D-0BEB7DE5431F}.Release|Any CPU.Build.0 = Release|Any CPU
		{C964F198-3CB1-446D-AA5D-0BEB7DE5431F}.Release|x64.ActiveCfg = Release|Any CPU
		{C964F198-3CB1-446D-AA5D-0BEB7DE5431F}.Release|x64.Build.0 = Release|Any CPU
		{C964F198-3CB1-446D-AA5D-0BEB7DE5431F}.Release|x86.ActiveCfg = Release|Any CPU
		{C964F198-3CB1-446D-AA5D-0BEB7DE5431F}.Release|x86.Build.0 = Release|Any CPU
		{68715CD5-29E3-4669-933A-40EF19862719}.Debug|Any CPU.ActiveCfg = Debug|Any CPU
		{68715CD5-29E3-4669-933A-40EF19862719}.Debug|Any CPU.Build.0 = Debug|Any CPU
		{68715CD5-29E3-4669-933A-40EF19862719}.Debug|x64.ActiveCfg = Debug|Any CPU
		{68715CD5-29E3-4669-933A-40EF19862719}.Debug|x64.Build.0 = Debug|Any CPU
		{68715CD5-29E3-4669-933A-40EF19862719}.Debug|x86.ActiveCfg = Debug|Any CPU
		{68715CD5-29E3-4669-933A-40EF19862719}.Debug|x86.Build.0 = Debug|Any CPU
		{68715CD5-29E3-4669-933A-40EF19862719}.Release|Any CPU.ActiveCfg = Release|Any CPU
		{68715CD5-29E3-4669-933A-40EF19862719}.Release|Any CPU.Build.0 = Release|Any CPU
		{68715CD5-29E3-4669-933A-40EF19862719}.Release|x64.ActiveCfg = Release|Any CPU
		{68715CD5-29E3-4669-933A-40EF19862719}.Release|x64.Build.0 = Release|Any CPU
		{68715CD5-29E3-4669-933A-40EF19862719}.Release|x86.ActiveCfg = Release|Any CPU
		{68715CD5-29E3-4669-933A-40EF19862719}.Release|x86.Build.0 = Release|Any CPU
		{9D9175FA-55D6-4A16-8EDD-1A1A3961C41C}.Debug|Any CPU.ActiveCfg = Debug|Any CPU
		{9D9175FA-55D6-4A16-8EDD-1A1A3961C41C}.Debug|Any CPU.Build.0 = Debug|Any CPU
		{9D9175FA-55D6-4A16-8EDD-1A1A3961C41C}.Debug|x64.ActiveCfg = Debug|Any CPU
		{9D9175FA-55D6-4A16-8EDD-1A1A3961C41C}.Debug|x64.Build.0 = Debug|Any CPU
		{9D9175FA-55D6-4A16-8EDD-1A1A3961C41C}.Debug|x86.ActiveCfg = Debug|Any CPU
		{9D9175FA-55D6-4A16-8EDD-1A1A3961C41C}.Debug|x86.Build.0 = Debug|Any CPU
		{9D9175FA-55D6-4A16-8EDD-1A1A3961C41C}.Release|Any CPU.ActiveCfg = Release|Any CPU
		{9D9175FA-55D6-4A16-8EDD-1A1A3961C41C}.Release|Any CPU.Build.0 = Release|Any CPU
		{9D9175FA-55D6-4A16-8EDD-1A1A3961C41C}.Release|x64.ActiveCfg = Release|Any CPU
		{9D9175FA-55D6-4A16-8EDD-1A1A3961C41C}.Release|x64.Build.0 = Release|Any CPU
		{9D9175FA-55D6-4A16-8EDD-1A1A3961C41C}.Release|x86.ActiveCfg = Release|Any CPU
		{9D9175FA-55D6-4A16-8EDD-1A1A3961C41C}.Release|x86.Build.0 = Release|Any CPU
		{CD79D4E6-0B37-446D-9683-75C6729BF673}.Debug|Any CPU.ActiveCfg = Debug|Any CPU
		{CD79D4E6-0B37-446D-9683-75C6729BF673}.Debug|Any CPU.Build.0 = Debug|Any CPU
		{CD79D4E6-0B37-446D-9683-75C6729BF673}.Debug|x64.ActiveCfg = Debug|Any CPU
		{CD79D4E6-0B37-446D-9683-75C6729BF673}.Debug|x64.Build.0 = Debug|Any CPU
		{CD79D4E6-0B37-446D-9683-75C6729BF673}.Debug|x86.ActiveCfg = Debug|Any CPU
		{CD79D4E6-0B37-446D-9683-75C6729BF673}.Debug|x86.Build.0 = Debug|Any CPU
		{CD79D4E6-0B37-446D-9683-75C6729BF673}.Release|Any CPU.ActiveCfg = Release|Any CPU
		{CD79D4E6-0B37-446D-9683-75C6729BF673}.Release|Any CPU.Build.0 = Release|Any CPU
		{CD79D4E6-0B37-446D-9683-75C6729BF673}.Release|x64.ActiveCfg = Release|Any CPU
		{CD79D4E6-0B37-446D-9683-75C6729BF673}.Release|x64.Build.0 = Release|Any CPU
		{CD79D4E6-0B37-446D-9683-75C6729BF673}.Release|x86.ActiveCfg = Release|Any CPU
		{CD79D4E6-0B37-446D-9683-75C6729BF673}.Release|x86.Build.0 = Release|Any CPU
		{AF7FEECD-D465-43C3-A1CE-691D917AC9E5}.Debug|Any CPU.ActiveCfg = Debug|Any CPU
		{AF7FEECD-D465-43C3-A1CE-691D917AC9E5}.Debug|Any CPU.Build.0 = Debug|Any CPU
		{AF7FEECD-D465-43C3-A1CE-691D917AC9E5}.Debug|x64.ActiveCfg = Debug|Any CPU
		{AF7FEECD-D465-43C3-A1CE-691D917AC9E5}.Debug|x64.Build.0 = Debug|Any CPU
		{AF7FEECD-D465-43C3-A1CE-691D917AC9E5}.Debug|x86.ActiveCfg = Debug|Any CPU
		{AF7FEECD-D465-43C3-A1CE-691D917AC9E5}.Debug|x86.Build.0 = Debug|Any CPU
		{AF7FEECD-D465-43C3-A1CE-691D917AC9E5}.Release|Any CPU.ActiveCfg = Release|Any CPU
		{AF7FEECD-D465-43C3-A1CE-691D917AC9E5}.Release|Any CPU.Build.0 = Release|Any CPU
		{AF7FEECD-D465-43C3-A1CE-691D917AC9E5}.Release|x64.ActiveCfg = Release|Any CPU
		{AF7FEECD-D465-43C3-A1CE-691D917AC9E5}.Release|x64.Build.0 = Release|Any CPU
		{AF7FEECD-D465-43C3-A1CE-691D917AC9E5}.Release|x86.ActiveCfg = Release|Any CPU
		{AF7FEECD-D465-43C3-A1CE-691D917AC9E5}.Release|x86.Build.0 = Release|Any CPU
		{CE81CC25-F88A-412D-BC39-24CB92EFA765}.Debug|Any CPU.ActiveCfg = Debug|Any CPU
		{CE81CC25-F88A-412D-BC39-24CB92EFA765}.Debug|Any CPU.Build.0 = Debug|Any CPU
		{CE81CC25-F88A-412D-BC39-24CB92EFA765}.Debug|x64.ActiveCfg = Debug|Any CPU
		{CE81CC25-F88A-412D-BC39-24CB92EFA765}.Debug|x64.Build.0 = Debug|Any CPU
		{CE81CC25-F88A-412D-BC39-24CB92EFA765}.Debug|x86.ActiveCfg = Debug|Any CPU
		{CE81CC25-F88A-412D-BC39-24CB92EFA765}.Debug|x86.Build.0 = Debug|Any CPU
		{CE81CC25-F88A-412D-BC39-24CB92EFA765}.Release|Any CPU.ActiveCfg = Release|Any CPU
		{CE81CC25-F88A-412D-BC39-24CB92EFA765}.Release|Any CPU.Build.0 = Release|Any CPU
		{CE81CC25-F88A-412D-BC39-24CB92EFA765}.Release|x64.ActiveCfg = Release|Any CPU
		{CE81CC25-F88A-412D-BC39-24CB92EFA765}.Release|x64.Build.0 = Release|Any CPU
		{CE81CC25-F88A-412D-BC39-24CB92EFA765}.Release|x86.ActiveCfg = Release|Any CPU
		{CE81CC25-F88A-412D-BC39-24CB92EFA765}.Release|x86.Build.0 = Release|Any CPU
		{AB859DE1-CB86-4820-8E59-77AE7C8D2326}.Debug|Any CPU.ActiveCfg = Debug|Any CPU
		{AB859DE1-CB86-4820-8E59-77AE7C8D2326}.Debug|Any CPU.Build.0 = Debug|Any CPU
		{AB859DE1-CB86-4820-8E59-77AE7C8D2326}.Debug|x64.ActiveCfg = Debug|Any CPU
		{AB859DE1-CB86-4820-8E59-77AE7C8D2326}.Debug|x64.Build.0 = Debug|Any CPU
		{AB859DE1-CB86-4820-8E59-77AE7C8D2326}.Debug|x86.ActiveCfg = Debug|Any CPU
		{AB859DE1-CB86-4820-8E59-77AE7C8D2326}.Debug|x86.Build.0 = Debug|Any CPU
		{AB859DE1-CB86-4820-8E59-77AE7C8D2326}.Release|Any CPU.ActiveCfg = Release|Any CPU
		{AB859DE1-CB86-4820-8E59-77AE7C8D2326}.Release|Any CPU.Build.0 = Release|Any CPU
		{AB859DE1-CB86-4820-8E59-77AE7C8D2326}.Release|x64.ActiveCfg = Release|Any CPU
		{AB859DE1-CB86-4820-8E59-77AE7C8D2326}.Release|x64.Build.0 = Release|Any CPU
		{AB859DE1-CB86-4820-8E59-77AE7C8D2326}.Release|x86.ActiveCfg = Release|Any CPU
		{AB859DE1-CB86-4820-8E59-77AE7C8D2326}.Release|x86.Build.0 = Release|Any CPU
		{73843D19-C2CA-4D8E-865A-D9E0E7B6153A}.Debug|Any CPU.ActiveCfg = Debug|Any CPU
		{73843D19-C2CA-4D8E-865A-D9E0E7B6153A}.Debug|Any CPU.Build.0 = Debug|Any CPU
		{73843D19-C2CA-4D8E-865A-D9E0E7B6153A}.Debug|x64.ActiveCfg = Debug|Any CPU
		{73843D19-C2CA-4D8E-865A-D9E0E7B6153A}.Debug|x64.Build.0 = Debug|Any CPU
		{73843D19-C2CA-4D8E-865A-D9E0E7B6153A}.Debug|x86.ActiveCfg = Debug|Any CPU
		{73843D19-C2CA-4D8E-865A-D9E0E7B6153A}.Debug|x86.Build.0 = Debug|Any CPU
		{73843D19-C2CA-4D8E-865A-D9E0E7B6153A}.Release|Any CPU.ActiveCfg = Release|Any CPU
		{73843D19-C2CA-4D8E-865A-D9E0E7B6153A}.Release|Any CPU.Build.0 = Release|Any CPU
		{73843D19-C2CA-4D8E-865A-D9E0E7B6153A}.Release|x64.ActiveCfg = Release|Any CPU
		{73843D19-C2CA-4D8E-865A-D9E0E7B6153A}.Release|x64.Build.0 = Release|Any CPU
		{73843D19-C2CA-4D8E-865A-D9E0E7B6153A}.Release|x86.ActiveCfg = Release|Any CPU
		{73843D19-C2CA-4D8E-865A-D9E0E7B6153A}.Release|x86.Build.0 = Release|Any CPU
	EndGlobalSection
	GlobalSection(SolutionProperties) = preSolution
		HideSolutionNode = FALSE
	EndGlobalSection
	GlobalSection(NestedProjects) = preSolution
		{C8E42992-5E42-0C2B-DBFE-AA848D06431C} = {827E0CD3-B72D-47B6-A68D-7590B98EB39B}
		{1DBAEF18-E1A6-4E3A-B8D4-80A692AF0372} = {C8E42992-5E42-0C2B-DBFE-AA848D06431C}
		{4A57BD69-C581-48A0-9AF7-C1571BF2C287} = {C8E42992-5E42-0C2B-DBFE-AA848D06431C}
		{6306A8FB-679E-111F-6585-8F70E0EE6013} = {827E0CD3-B72D-47B6-A68D-7590B98EB39B}
		{A2884FAB-715D-40FD-8FE9-55F04D2631A5} = {6306A8FB-679E-111F-6585-8F70E0EE6013}
		{984BB9B3-3FA3-BE33-9484-CAC21695A33C} = {827E0CD3-B72D-47B6-A68D-7590B98EB39B}
		{1BFC9479-12BF-35C3-06B8-42D89D95092B} = {984BB9B3-3FA3-BE33-9484-CAC21695A33C}
		{C964F198-3CB1-446D-AA5D-0BEB7DE5431F} = {1BFC9479-12BF-35C3-06B8-42D89D95092B}
		{68715CD5-29E3-4669-933A-40EF19862719} = {1BFC9479-12BF-35C3-06B8-42D89D95092B}
		{9D9175FA-55D6-4A16-8EDD-1A1A3961C41C} = {1BFC9479-12BF-35C3-06B8-42D89D95092B}
		{CD79D4E6-0B37-446D-9683-75C6729BF673} = {1BFC9479-12BF-35C3-06B8-42D89D95092B}
		{C91C1CF1-1625-0789-F869-53D87D6277BA} = {984BB9B3-3FA3-BE33-9484-CAC21695A33C}
		{AF7FEECD-D465-43C3-A1CE-691D917AC9E5} = {C91C1CF1-1625-0789-F869-53D87D6277BA}
		{CE81CC25-F88A-412D-BC39-24CB92EFA765} = {C91C1CF1-1625-0789-F869-53D87D6277BA}
		{AB859DE1-CB86-4820-8E59-77AE7C8D2326} = {C91C1CF1-1625-0789-F869-53D87D6277BA}
		{73843D19-C2CA-4D8E-865A-D9E0E7B6153A} = {C91C1CF1-1625-0789-F869-53D87D6277BA}
	EndGlobalSection
EndGlobal
